
Microsoft Visual Studio Solution File, Format Version 12.00
Project("{FAE04EC0-301F-11D3-BF4B-00C04F79EFBC}") = "ReactDotnet", "ReactDotnet\ReactDotnet.csproj", "{CAA9ACC9-C4BD-4759-9927-D2A97AFD9E38}"
EndProject
Project("{FAE04EC0-301F-11D3-BF4B-00C04F79EFBC}") = "TestProject1", "TestProject1\TestProject1.csproj", "{BD5F36F9-E21A-40F0-86BD-ED5159AE6016}"
EndProject
Global
	GlobalSection(SolutionConfigurationPlatforms) = preSolution
		Debug|Any CPU = Debug|Any CPU
		Release|Any CPU = Release|Any CPU
	EndGlobalSection
	GlobalSection(ProjectConfigurationPlatforms) = postSolution
		{CAA9ACC9-C4BD-4759-9927-D2A97AFD9E38}.Debug|Any CPU.ActiveCfg = Debug|Any CPU
		{CAA9ACC9-C4BD-4759-9927-D2A97AFD9E38}.Debug|Any CPU.Build.0 = Debug|Any CPU
		{CAA9ACC9-C4BD-4759-9927-D2A97AFD9E38}.Release|Any CPU.ActiveCfg = Release|Any CPU
		{CAA9ACC9-C4BD-4759-9927-D2A97AFD9E38}.Release|Any CPU.Build.0 = Release|Any CPU
		{BD5F36F9-E21A-40F0-86BD-ED5159AE6016}.Debug|Any CPU.ActiveCfg = Debug|Any CPU
		{BD5F36F9-E21A-40F0-86BD-ED5159AE6016}.Debug|Any CPU.Build.0 = Debug|Any CPU
		{BD5F36F9-E21A-40F0-86BD-ED5159AE6016}.Release|Any CPU.ActiveCfg = Release|Any CPU
		{BD5F36F9-E21A-40F0-86BD-ED5159AE6016}.Release|Any CPU.Build.0 = Release|Any CPU
	EndGlobalSection
EndGlobal
